
Microsoft Visual Studio Solution File, Format Version 12.00
# Visual Studio Version 17
VisualStudioVersion = 17.11.35327.3
MinimumVisualStudioVersion = 10.0.40219.1
Project("{F184B08F-C81C-45F6-A57F-5ABD9991F28F}") = "UTS_Salary_Calculator", "UTS_Salary_Calculator.vbproj", "{C1BB497F-660D-4E79-B5AB-95D687510713}"
EndProject
Global
	GlobalSection(SolutionConfigurationPlatforms) = preSolution
		Debug|Any CPU = Debug|Any CPU
		Release|Any CPU = Release|Any CPU
	EndGlobalSection
	GlobalSection(ProjectConfigurationPlatforms) = postSolution
		{C1BB497F-660D-4E79-B5AB-95D687510713}.Debug|Any CPU.ActiveCfg = Debug|Any CPU
		{C1BB497F-660D-4E79-B5AB-95D687510713}.Debug|Any CPU.Build.0 = Debug|Any CPU
		{C1BB497F-660D-4E79-B5AB-95D687510713}.Release|Any CPU.ActiveCfg = Release|Any CPU
		{C1BB497F-660D-4E79-B5AB-95D687510713}.Release|Any CPU.Build.0 = Release|Any CPU
	EndGlobalSection
	GlobalSection(SolutionProperties) = preSolution
		HideSolutionNode = FALSE
	EndGlobalSection
	GlobalSection(ExtensibilityGlobals) = postSolution
		SolutionGuid = {5C189784-FE45-4F7B-B741-793FBDD4D5A8}
	EndGlobalSection
EndGlobal
